schema: '2.0'
stages:
  tfrecords:
    cmd: papermill notebooks/albumentations_and_patchify-v1-sentinel.ipynb notebook_output/albumentations_and_patchify-v1-sentinel.ipynb
    deps:
    - path: Smaller_pond_sentinel_data_v1/Images/
      md5: b656bd5787bade1753ac1eca1ac39e94.dir
      size: 1153458432
      nfiles: 24
    - path: Smaller_pond_sentinel_data_v1/Masks/
      md5: efacf343d917c34e9556bac56137e12d.dir
      size: 312554862
      nfiles: 24
    - path: notebooks/albumentations_and_patchify-v1-sentinel.ipynb
      md5: b94d4621a805535d05a9d3ae5bb2eff4
      size: 60168
    params:
      params.yaml:
        tfrecords_creation.Image_patch_size:
        - 256
        - 256
        - 3
        tfrecords_creation.Mask_patch_size:
        - 256
        - 256
    outs:
    - path: tfrecords/
      md5: b09344267f797202a1c6a66cfaf28902.dir
      size: 7399210896
      nfiles: 15
  training:
    cmd: papermill notebooks/deeplabv3plus_squeeze_excitation.ipynb notebook_output/deeplabv3plus_squeeze_excitation.ipynb
    deps:
    - path: clr_callback.py
      md5: 6dc46cdd0e93eb9a7bc7c66080d48af0
      size: 5398
    - path: loss.py
      md5: d6cb8a1b8b32984dffa550f6174151b7
      size: 1437
    - path: notebooks/deeplabv3plus_squeeze_excitation.ipynb
      md5: f278cd5c868e59506ecd6d25f7c2bce2
      size: 25887
    - path: tfrecords/
      md5: b09344267f797202a1c6a66cfaf28902.dir
      size: 7399210896
      nfiles: 15
    params:
      params.yaml:
        model_params.Batch_size: 16
        model_params.Epochs: 500
        model_params.Image_patch_size:
        - 256
        - 256
        - 3
        model_params.Learning_rate: 0.0001
        model_params.Mask_patch_size:
        - 256
        - 256
        model_params.Number_of_classes: 2
        model_params.Optimizer: nadam
        model_params.Scheduler: Step_decay
    outs:
    - path: confusion_matrix.png
      md5: ca6459e1e60040acdc72f46dd49b3f5f
      size: 10345
    - path: evaluation/metrics.json
      md5: e8bbdf1e06af4b555726cf6cc16e1571
      size: 416
    - path: evaluation/plots
      md5: f0ff6f278a36cfe918439039ae63849f.dir
      size: 12173
      nfiles: 9
    - path: evaluation/report.html
      md5: b6d5522d7134842c589575b75a1793ad
      size: 82567
    - path: model_checkpoint/
      md5: bac8bda035a52abc4d831d6bd2978f89.dir
      size: 158106752
      nfiles: 1
